<?xml version="1.0" encoding="utf-8"?>
<Project ToolsVersion="4.0" xmlns="http://schemas.microsoft.com/developer/msbuild/2003">
  <ItemGroup>
    <Filter Include="Source Files">
      <UniqueIdentifier>{4FC737F1-C7A5-4376-A066-2A32D752A2FF}</UniqueIdentifier>
      <Extensions>cpp;c;cc;cxx;c++;cppm;ixx;def;odl;idl;hpj;bat;asm;asmx</Extensions>
    </Filter>
    <Filter Include="Header Files">
      <UniqueIdentifier>{93995380-89BD-4b04-88EB-625FBE52EBFB}</UniqueIdentifier>
      <Extensions>h;hh;hpp;hxx;h++;hm;inl;inc;ipp;xsd</Extensions>
    </Filter>
    <Filter Include="Resource Files">
      <UniqueIdentifier>{67DA6AB6-F800-4c08-8B7A-83BB121AAD01}</UniqueIdentifier>
      <Extensions>rc;ico;cur;bmp;dlg;rc2;rct;bin;rgs;gif;jpg;jpeg;jpe;resx;tiff;tif;png;wav;mfcribbon-ms</Extensions>
    </Filter>
    <Filter Include="Source Files\Utils">
      <UniqueIdentifier>{2940dbd6-737b-44ee-9194-46c4ded912ee}</UniqueIdentifier>
    </Filter>
    <Filter Include="Source Files\Model">
      <UniqueIdentifier>{97e625a5-7acd-4427-a5c8-795bd8b1b28e}</UniqueIdentifier>
    </Filter>
    <Filter Include="Source Files\Algorithms">
      <UniqueIdentifier>{f35e5270-4f4d-4ac4-ba77-fe19279a99cd}</UniqueIdentifier>
    </Filter>
    <Filter Include="Source Files\Core">
      <UniqueIdentifier>{2d6989e2-13f7-4c8b-89ff-e527ceb45407}</UniqueIdentifier>
    </Filter>
    <Filter Include="Source Files\Persistence">
      <UniqueIdentifier>{7761ee35-b3eb-4e2b-b10b-853ba1b85d95}</UniqueIdentifier>
    </Filter>
    <Filter Include="Source Files\View">
      <UniqueIdentifier>{e46b363c-b75b-4965-a445-de38184682a0}</UniqueIdentifier>
    </Filter>
  </ItemGroup>
  <ItemGroup>
    <ClCompile Include="simulation1.cpp">
      <Filter>Source Files</Filter>
    </ClCompile>
    <ClCompile Include="main.cpp">
      <Filter>Source Files</Filter>
    </ClCompile>
    <ClCompile Include="Cell.cpp">
      <Filter>Source Files\Model</Filter>
    </ClCompile>
    <ClCompile Include="Maze.cpp">
      <Filter>Source Files\Model</Filter>
    </ClCompile>
    <ClCompile Include="PathFinder.cpp">
      <Filter>Source Files\Algorithms</Filter>
    </ClCompile>
    <ClCompile Include="LevelSystem.cpp">
      <Filter>Source Files\Core</Filter>
    </ClCompile>
    <ClCompile Include="ScoreCalculator.cpp">
      <Filter>Source Files\Core</Filter>
    </ClCompile>
    <ClCompile Include="Robot.cpp">
      <Filter>Source Files\Core</Filter>
    </ClCompile>
    <ClCompile Include="GameEngine.cpp">
      <Filter>Source Files\Core</Filter>
    </ClCompile>
    <ClCompile Include="FileManager.cpp">
      <Filter>Source Files\Persistence</Filter>
    </ClCompile>
    <ClCompile Include="MazeRenderer.cpp">
      <Filter>Source Files\View</Filter>
    </ClCompile>
    <ClCompile Include="GameScreen.cpp">
      <Filter>Source Files\View</Filter>
    </ClCompile>
  </ItemGroup>
  <ItemGroup>
    <ClInclude Include="Enums.h">
      <Filter>Source Files\Utils</Filter>
    </ClInclude>
    <ClInclude Include="IGameObserver.h">
      <Filter>Source Files\Utils</Filter>
    </ClInclude>
    <ClInclude Include="Point.h">
      <Filter>Source Files\Model</Filter>
    </ClInclude>
    <ClInclude Include="ScoreData.h">
      <Filter>Source Files\Model</Filter>
    </ClInclude>
    <ClInclude Include="Cell.h">
      <Filter>Source Files\Model</Filter>
    </ClInclude>
    <ClInclude Include="Maze.h">
      <Filter>Source Files\Model</Filter>
    </ClInclude>
    <ClInclude Include="Node.h">
      <Filter>Source Files\Algorithms</Filter>
    </ClInclude>
    <ClInclude Include="IHeuristic.h">
      <Filter>Source Files\Algorithms</Filter>
    </ClInclude>
    <ClInclude Include="ManhattanHeuristic.h">
      <Filter>Source Files\Algorithms</Filter>
    </ClInclude>
    <ClInclude Include="PathFinder.h">
      <Filter>Source Files\Algorithms</Filter>
    </ClInclude>
    <ClInclude Include="LevelSystem.h">
      <Filter>Source Files\Core</Filter>
    </ClInclude>
    <ClInclude Include="ScoreCalculator.h">
      <Filter>Source Files\Core</Filter>
    </ClInclude>
    <ClInclude Include="Robot.h">
      <Filter>Source Files\Core</Filter>
    </ClInclude>
    <ClInclude Include="GameEngine.h">
      <Filter>Source Files\Core</Filter>
    </ClInclude>
    <ClInclude Include="FileManager.h">
      <Filter>Source Files\Persistence</Filter>
    </ClInclude>
    <ClInclude Include="MazeRenderer.h">
      <Filter>Source Files\View</Filter>
    </ClInclude>
    <ClInclude Include="GameScreen.h">
      <Filter>Source Files\View</Filter>
    </ClInclude>
  </ItemGroup>
</Project>